
Microsoft Visual Studio Solution File, Format Version 12.00
# Visual Studio 15
VisualStudioVersion = 15.0.28010.2019
MinimumVisualStudioVersion = 10.0.40219.1
Project("{FAE04EC0-301F-11D3-BF4B-00C04F79EFBC}") = "SelectionSort", "SelectionSort\SelectionSort.csproj", "{D9705535-2506-4349-B655-C0C28BFA37DB}"
EndProject
Global
	GlobalSection(SolutionConfigurationPlatforms) = preSolution
		Debug|Any CPU = Debug|Any CPU
		Release|Any CPU = Release|Any CPU
	EndGlobalSection
	GlobalSection(ProjectConfigurationPlatforms) = postSolution
		{D9705535-2506-4349-B655-C0C28BFA37DB}.Debug|Any CPU.ActiveCfg = Debug|Any CPU
		{D9705535-2506-4349-B655-C0C28BFA37DB}.Debug|Any CPU.Build.0 = Debug|Any CPU
		{D9705535-2506-4349-B655-C0C28BFA37DB}.Release|Any CPU.ActiveCfg = Release|Any CPU
		{D9705535-2506-4349-B655-C0C28BFA37DB}.Release|Any CPU.Build.0 = Release|Any CPU
	EndGlobalSection
	GlobalSection(SolutionProperties) = preSolution
		HideSolutionNode = FALSE
	EndGlobalSection
	GlobalSection(ExtensibilityGlobals) = postSolution
		SolutionGuid = {09E93546-D636-4E83-8A9F-0D0D1EBD6C48}
	EndGlobalSection
EndGlobal
